
Microsoft Visual Studio Solution File, Format Version 12.00
# Visual Studio Version 17
VisualStudioVersion = 17.12.35527.113 d17.12
MinimumVisualStudioVersion = 10.0.40219.1
Project("{FAE04EC0-301F-11D3-BF4B-00C04F79EFBC}") = "Principal", "Principal\Principal.csproj", "{FBA93B29-3DCE-4DB0-9835-B7F0CEBC74BA}"
EndProject
Project("{FAE04EC0-301F-11D3-BF4B-00C04F79EFBC}") = "dominio", "dominio\dominio.csproj", "{A69398C4-241F-4586-97E1-C19366B7540B}"
EndProject
Project("{FAE04EC0-301F-11D3-BF4B-00C04F79EFBC}") = "negocio", "negocio\negocio.csproj", "{C896A9E2-7F5A-4E9E-97B6-04738EB23F18}"
EndProject
Global
	GlobalSection(SolutionConfigurationPlatforms) = preSolution
		Debug|Any CPU = Debug|Any CPU
		Release|Any CPU = Release|Any CPU
	EndGlobalSection
	GlobalSection(ProjectConfigurationPlatforms) = postSolution
		{FBA93B29-3DCE-4DB0-9835-B7F0CEBC74BA}.Debug|Any CPU.ActiveCfg = Debug|Any CPU
		{FBA93B29-3DCE-4DB0-9835-B7F0CEBC74BA}.Debug|Any CPU.Build.0 = Debug|Any CPU
		{FBA93B29-3DCE-4DB0-9835-B7F0CEBC74BA}.Release|Any CPU.ActiveCfg = Release|Any CPU
		{FBA93B29-3DCE-4DB0-9835-B7F0CEBC74BA}.Release|Any CPU.Build.0 = Release|Any CPU
		{A69398C4-241F-4586-97E1-C19366B7540B}.Debug|Any CPU.ActiveCfg = Debug|Any CPU
		{A69398C4-241F-4586-97E1-C19366B7540B}.Debug|Any CPU.Build.0 = Debug|Any CPU
		{A69398C4-241F-4586-97E1-C19366B7540B}.Release|Any CPU.ActiveCfg = Release|Any CPU
		{A69398C4-241F-4586-97E1-C19366B7540B}.Release|Any CPU.Build.0 = Release|Any CPU
		{C896A9E2-7F5A-4E9E-97B6-04738EB23F18}.Debug|Any CPU.ActiveCfg = Debug|Any CPU
		{C896A9E2-7F5A-4E9E-97B6-04738EB23F18}.Debug|Any CPU.Build.0 = Debug|Any CPU
		{C896A9E2-7F5A-4E9E-97B6-04738EB23F18}.Release|Any CPU.ActiveCfg = Release|Any CPU
		{C896A9E2-7F5A-4E9E-97B6-04738EB23F18}.Release|Any CPU.Build.0 = Release|Any CPU
	EndGlobalSection
	GlobalSection(SolutionProperties) = preSolution
		HideSolutionNode = FALSE
	EndGlobalSection
EndGlobal
